<?xml version="1.0" encoding="utf-8"?>
<Project ToolsVersion="4.0" xmlns="http://schemas.microsoft.com/developer/msbuild/2003">
  <ItemGroup>
    <Filter Include="Source Files">
      <UniqueIdentifier>{4FC737F1-C7A5-4376-A066-2A32D752A2FF}</UniqueIdentifier>
      <Extensions>cpp;c;cc;cxx;c++;cppm;ixx;def;odl;idl;hpj;bat;asm;asmx</Extensions>
    </Filter>
    <Filter Include="Header Files">
      <UniqueIdentifier>{93995380-89BD-4b04-88EB-625FBE52EBFB}</UniqueIdentifier>
      <Extensions>h;hh;hpp;hxx;h++;hm;inl;inc;ipp;xsd</Extensions>
    </Filter>
    <Filter Include="Resource Files">
      <UniqueIdentifier>{67DA6AB6-F800-4c08-8B7A-83BB121AAD01}</UniqueIdentifier>
      <Extensions>rc;ico;cur;bmp;dlg;rc2;rct;bin;rgs;gif;jpg;jpeg;jpe;resx;tiff;tif;png;wav;mfcribbon-ms</Extensions>
    </Filter>
    <Filter Include="ImGui">
      <UniqueIdentifier>{813a8754-e589-4448-944f-117be9d6eaf2}</UniqueIdentifier>
    </Filter>
    <Filter Include="OpenGl3">
      <UniqueIdentifier>{6505710e-7c47-4efb-87c4-e2430d5e6088}</UniqueIdentifier>
    </Filter>
    <Filter Include="OpenGl3\GLFW">
      <UniqueIdentifier>{1756f391-5fbd-46d1-839b-445998321b26}</UniqueIdentifier>
    </Filter>
    <Filter Include="OpenGl3\GL">
      <UniqueIdentifier>{d0a5ad53-845a-4c9c-b6d2-5785e977901f}</UniqueIdentifier>
    </Filter>
  </ItemGroup>
  <ItemGroup>
    <ClCompile Include="main.cpp">
      <Filter>Source Files</Filter>
    </ClCompile>
    <ClCompile Include="..\include\GL\gl3w.c">
      <Filter>OpenGl3\GL</Filter>
    </ClCompile>
    <ClCompile Include="..\include\GLFW\gl3w.c">
      <Filter>OpenGl3\GLFW</Filter>
    </ClCompile>
    <ClCompile Include="..\include\ImGui\imgui.cpp">
      <Filter>ImGui</Filter>
    </ClCompile>
    <ClCompile Include="..\include\ImGui\imgui_demo.cpp">
      <Filter>ImGui</Filter>
    </ClCompile>
    <ClCompile Include="..\include\ImGui\imgui_draw.cpp">
      <Filter>ImGui</Filter>
    </ClCompile>
    <ClCompile Include="..\include\ImGui\imgui_impl_glfw.cpp">
      <Filter>ImGui</Filter>
    </ClCompile>
    <ClCompile Include="..\include\ImGui\imgui_impl_opengl3.cpp">
      <Filter>ImGui</Filter>
    </ClCompile>
    <ClCompile Include="..\include\ImGui\imgui_impl_win32.cpp">
      <Filter>ImGui</Filter>
    </ClCompile>
    <ClCompile Include="..\include\ImGui\imgui_widgets.cpp">
      <Filter>ImGui</Filter>
    </ClCompile>
  </ItemGroup>
  <ItemGroup>
    <ClInclude Include="common.hpp">
      <Filter>Header Files</Filter>
    </ClInclude>
    <ClInclude Include="gui.hpp">
      <Filter>Resource Files</Filter>
    </ClInclude>
    <ClInclude Include="..\include\GL\gl3w.h">
      <Filter>OpenGl3\GL</Filter>
    </ClInclude>
    <ClInclude Include="..\include\GL\glcorearb.h">
      <Filter>OpenGl3\GL</Filter>
    </ClInclude>
    <ClInclude Include="..\include\GLFW\glcorearb.h">
      <Filter>OpenGl3\GLFW</Filter>
    </ClInclude>
    <ClInclude Include="..\include\GLFW\glfw3.h">
      <Filter>OpenGl3\GLFW</Filter>
    </ClInclude>
    <ClInclude Include="..\include\GLFW\glfw3native.h">
      <Filter>OpenGl3\GLFW</Filter>
    </ClInclude>
    <ClInclude Include="..\include\ImGui\imconfig.h">
      <Filter>ImGui</Filter>
    </ClInclude>
    <ClInclude Include="..\include\ImGui\imgui.h">
      <Filter>ImGui</Filter>
    </ClInclude>
    <ClInclude Include="..\include\ImGui\imgui_impl_glfw.h">
      <Filter>ImGui</Filter>
    </ClInclude>
    <ClInclude Include="..\include\ImGui\imgui_impl_opengl3.h">
      <Filter>ImGui</Filter>
    </ClInclude>
    <ClInclude Include="..\include\ImGui\imgui_impl_win32.h">
      <Filter>ImGui</Filter>
    </ClInclude>
    <ClInclude Include="..\include\ImGui\imgui_internal.h">
      <Filter>ImGui</Filter>
    </ClInclude>
    <ClInclude Include="..\include\ImGui\imstb_rectpack.h">
      <Filter>ImGui</Filter>
    </ClInclude>
    <ClInclude Include="..\include\ImGui\imstb_textedit.h">
      <Filter>ImGui</Filter>
    </ClInclude>
    <ClInclude Include="..\include\ImGui\imstb_truetype.h">
      <Filter>ImGui</Filter>
    </ClInclude>
  </ItemGroup>
  <ItemGroup>
    <Natvis Include="..\include\ImGui\imgui.natvis">
      <Filter>ImGui</Filter>
    </Natvis>
  </ItemGroup>
</Project>